
Microsoft Visual Studio Solution File, Format Version 12.00
# Visual Studio Version 16
VisualStudioVersion = 16.0.29728.190
MinimumVisualStudioVersion = 10.0.40219.1
Project("{9A19103F-16F7-4668-BE54-9A1E7A4F7556}") = "TronBotFramework", "TronBotFramework\TronBotFramework.csproj", "{AD8BBC16-AE86-456C-94B4-CF1AD0A68420}"
EndProject
Project("{9A19103F-16F7-4668-BE54-9A1E7A4F7556}") = "TronBotFramework.UnitTests", "TronBotFramework.UnitTests\TronBotFramework.UnitTests.csproj", "{951ECACE-2608-450D-A4F3-80B6DE8D027F}"
EndProject
Project("{9A19103F-16F7-4668-BE54-9A1E7A4F7556}") = "RandBot", "RandBot\RandBot.csproj", "{B84EC8A3-14FD-4F35-842A-563B411AD157}"
EndProject
Project("{FAE04EC0-301F-11D3-BF4B-00C04F79EFBC}") = "MinimusMaximus", "MinimusMaximus\MinimusMaximus.csproj", "{B59B98CE-ADB2-46ED-8D80-A84E22BD6131}"
EndProject
Project("{FAE04EC0-301F-11D3-BF4B-00C04F79EFBC}") = "ComparisonTests", "ComparisonTests\ComparisonTests.csproj", "{2E7B5F4F-00ED-4B44-B1A4-29190245B288}"
EndProject
Global
	GlobalSection(SolutionConfigurationPlatforms) = preSolution
		Debug|Any CPU = Debug|Any CPU
		Release|Any CPU = Release|Any CPU
	EndGlobalSection
	GlobalSection(ProjectConfigurationPlatforms) = postSolution
		{AD8BBC16-AE86-456C-94B4-CF1AD0A68420}.Debug|Any CPU.ActiveCfg = Debug|Any CPU
		{AD8BBC16-AE86-456C-94B4-CF1AD0A68420}.Debug|Any CPU.Build.0 = Debug|Any CPU
		{AD8BBC16-AE86-456C-94B4-CF1AD0A68420}.Release|Any CPU.ActiveCfg = Release|Any CPU
		{AD8BBC16-AE86-456C-94B4-CF1AD0A68420}.Release|Any CPU.Build.0 = Release|Any CPU
		{951ECACE-2608-450D-A4F3-80B6DE8D027F}.Debug|Any CPU.ActiveCfg = Debug|Any CPU
		{951ECACE-2608-450D-A4F3-80B6DE8D027F}.Debug|Any CPU.Build.0 = Debug|Any CPU
		{951ECACE-2608-450D-A4F3-80B6DE8D027F}.Release|Any CPU.ActiveCfg = Release|Any CPU
		{951ECACE-2608-450D-A4F3-80B6DE8D027F}.Release|Any CPU.Build.0 = Release|Any CPU
		{B84EC8A3-14FD-4F35-842A-563B411AD157}.Debug|Any CPU.ActiveCfg = Debug|Any CPU
		{B84EC8A3-14FD-4F35-842A-563B411AD157}.Debug|Any CPU.Build.0 = Debug|Any CPU
		{B84EC8A3-14FD-4F35-842A-563B411AD157}.Release|Any CPU.ActiveCfg = Release|Any CPU
		{B84EC8A3-14FD-4F35-842A-563B411AD157}.Release|Any CPU.Build.0 = Release|Any CPU
		{B59B98CE-ADB2-46ED-8D80-A84E22BD6131}.Debug|Any CPU.ActiveCfg = Debug|Any CPU
		{B59B98CE-ADB2-46ED-8D80-A84E22BD6131}.Debug|Any CPU.Build.0 = Debug|Any CPU
		{B59B98CE-ADB2-46ED-8D80-A84E22BD6131}.Release|Any CPU.ActiveCfg = Release|Any CPU
		{B59B98CE-ADB2-46ED-8D80-A84E22BD6131}.Release|Any CPU.Build.0 = Release|Any CPU
		{2E7B5F4F-00ED-4B44-B1A4-29190245B288}.Debug|Any CPU.ActiveCfg = Debug|Any CPU
		{2E7B5F4F-00ED-4B44-B1A4-29190245B288}.Debug|Any CPU.Build.0 = Debug|Any CPU
		{2E7B5F4F-00ED-4B44-B1A4-29190245B288}.Release|Any CPU.ActiveCfg = Release|Any CPU
		{2E7B5F4F-00ED-4B44-B1A4-29190245B288}.Release|Any CPU.Build.0 = Release|Any CPU
	EndGlobalSection
	GlobalSection(SolutionProperties) = preSolution
		HideSolutionNode = FALSE
	EndGlobalSection
	GlobalSection(ExtensibilityGlobals) = postSolution
		SolutionGuid = {D7B79149-D283-4A37-859C-4FD20BD2BAEA}
	EndGlobalSection
EndGlobal
